
Microsoft Visual Studio Solution File, Format Version 12.00
# Visual Studio Version 17
VisualStudioVersion = 17.5.33414.496
MinimumVisualStudioVersion = 10.0.40219.1
Project("{FAE04EC0-301F-11D3-BF4B-00C04F79EFBC}") = "SimpleShoppingList", "SimpleShoppingList\SimpleShoppingList.csproj", "{AD520357-2EB5-4B8E-B68A-FC04D2A21B18}"
EndProject
Global
	GlobalSection(SolutionConfigurationPlatforms) = preSolution
		Debug|Any CPU = Debug|Any CPU
		Release|Any CPU = Release|Any CPU
	EndGlobalSection
	GlobalSection(ProjectConfigurationPlatforms) = postSolution
		{AD520357-2EB5-4B8E-B68A-FC04D2A21B18}.Debug|Any CPU.ActiveCfg = Debug|Any CPU
		{AD520357-2EB5-4B8E-B68A-FC04D2A21B18}.Debug|Any CPU.Build.0 = Debug|Any CPU
		{AD520357-2EB5-4B8E-B68A-FC04D2A21B18}.Release|Any CPU.ActiveCfg = Release|Any CPU
		{AD520357-2EB5-4B8E-B68A-FC04D2A21B18}.Release|Any CPU.Build.0 = Release|Any CPU
	EndGlobalSection
	GlobalSection(SolutionProperties) = preSolution
		HideSolutionNode = FALSE
	EndGlobalSection
	GlobalSection(ExtensibilityGlobals) = postSolution
		SolutionGuid = {462ED5CE-5C57-48BE-8351-6EE7E9DA220F}
	EndGlobalSection
EndGlobal
